// !$*UTF8*$!
{
	archiveVersion = 1;
	classes = {
	};
	objectVersion = 50;
	objects = {

/* Begin PBXBuildFile section */
		3E93826223540EE50029A64A /* MenuViewController.m in Sources */ = {isa = PBXBuildFile; fileRef = 3E93826123540EE50029A64A /* MenuViewController.m */; };
		3E93826523541CF70029A64A /* UserManager.m in Sources */ = {isa = PBXBuildFile; fileRef = 3E93826423541CF70029A64A /* UserManager.m */; };
		3E938269235426160029A64A /* WYTableViewCell.m in Sources */ = {isa = PBXBuildFile; fileRef = 3E938267235426160029A64A /* WYTableViewCell.m */; };
		3E93826A235426160029A64A /* WYTableViewCell.xib in Resources */ = {isa = PBXBuildFile; fileRef = 3E938268235426160029A64A /* WYTableViewCell.xib */; };
		3E93827123546BB10029A64A /* RankViewController.m in Sources */ = {isa = PBXBuildFile; fileRef = 3E93827023546BB10029A64A /* RankViewController.m */; };
		3E93827423548AD60029A64A /* WYtitleView.m in Sources */ = {isa = PBXBuildFile; fileRef = 3E93827323548AD60029A64A /* WYtitleView.m */; };
		3E93827623548AFE0029A64A /* WYtitleView.xib in Resources */ = {isa = PBXBuildFile; fileRef = 3E93827523548AFE0029A64A /* WYtitleView.xib */; };
		3E9382782354AE770029A64A /* ziti.ttf in Resources */ = {isa = PBXBuildFile; fileRef = 3E9382772354AE770029A64A /* ziti.ttf */; };
		8F354C12D3C9DBC792166217 /* libPods-shisanshui.a in Frameworks */ = {isa = PBXBuildFile; fileRef = A09FC2A2DDAAD83CE42D6518 /* libPods-shisanshui.a */; };
		E31D17E223553920007B0F5D /* WYhistoryTableViewCell.m in Sources */ = {isa = PBXBuildFile; fileRef = E31D17E023553920007B0F5D /* WYhistoryTableViewCell.m */; };
		E31D17E323553920007B0F5D /* WYhistoryTableViewCell.xib in Resources */ = {isa = PBXBuildFile; fileRef = E31D17E123553920007B0F5D /* WYhistoryTableViewCell.xib */; };
		E31D17E623553B55007B0F5D /* WYHistoryViewController.m in Sources */ = {isa = PBXBuildFile; fileRef = E31D17E523553B55007B0F5D /* WYHistoryViewController.m */; };
		E362F2E7235F6B0900A31915 /* WYDetailHistoryViewController.m in Sources */ = {isa = PBXBuildFile; fileRef = E362F2E5235F6B0900A31915 /* WYDetailHistoryViewController.m */; };
		E362F2E8235F6B0900A31915 /* WYDetailHistoryViewController.xib in Resources */ = {isa = PBXBuildFile; fileRef = E362F2E6235F6B0900A31915 /* WYDetailHistoryViewController.xib */; };
		E374F8532355777C00B584E3 /* gameViewController.m in Sources */ = {isa = PBXBuildFile; fileRef = E374F8522355777C00B584E3 /* gameViewController.m */; };
		E374F85723557F1D00B584E3 /* ZWHUDTool.m in Sources */ = {isa = PBXBuildFile; fileRef = E374F85623557F1D00B584E3 /* ZWHUDTool.m */; };
		E3944A8B2352D61800955C9E /* LoginAndRegisterViewController.m in Sources */ = {isa = PBXBuildFile; fileRef = E3944A8A2352D61800955C9E /* LoginAndRegisterViewController.m */; };
		E3944A912352F84500955C9E /* ZWAPIRequestTool.m in Sources */ = {isa = PBXBuildFile; fileRef = E3944A8E2352F84500955C9E /* ZWAPIRequestTool.m */; };
		E3944A922352F84500955C9E /* ZWNetworkingManager.m in Sources */ = {isa = PBXBuildFile; fileRef = E3944A902352F84500955C9E /* ZWNetworkingManager.m */; };
		E3ACF182235177BA00F9DFF5 /* AppDelegate.m in Sources */ = {isa = PBXBuildFile; fileRef = E3ACF181235177BA00F9DFF5 /* AppDelegate.m */; };
		E3ACF185235177BA00F9DFF5 /* ViewController.m in Sources */ = {isa = PBXBuildFile; fileRef = E3ACF184235177BA00F9DFF5 /* ViewController.m */; };
		E3ACF188235177BA00F9DFF5 /* Main.storyboard in Resources */ = {isa = PBXBuildFile; fileRef = E3ACF186235177BA00F9DFF5 /* Main.storyboard */; };
		E3ACF18A235177BC00F9DFF5 /* Assets.xcassets in Resources */ = {isa = PBXBuildFile; fileRef = E3ACF189235177BC00F9DFF5 /* Assets.xcassets */; };
		E3ACF18D235177BC00F9DFF5 /* LaunchScreen.storyboard in Resources */ = {isa = PBXBuildFile; fileRef = E3ACF18B235177BC00F9DFF5 /* LaunchScreen.storyboard */; };
		E3ACF190235177BC00F9DFF5 /* main.m in Sources */ = {isa = PBXBuildFile; fileRef = E3ACF18F235177BC00F9DFF5 /* main.m */; };
/* End PBXBuildFile section */

/* Begin PBXFileReference section */
		11F8D86CA9BE9E867F89A142 /* Pods-shisanshui.debug.xcconfig */ = {isa = PBXFileReference; includeInIndex = 1; lastKnownFileType = text.xcconfig; name = "Pods-shisanshui.debug.xcconfig"; path = "Pods/Target Support Files/Pods-shisanshui/Pods-shisanshui.debug.xcconfig"; sourceTree = "<group>"; };
		3E93826023540EE50029A64A /* MenuViewController.h */ = {isa = PBXFileReference; lastKnownFileType = sourcecode.c.h; path = MenuViewController.h; sourceTree = "<group>"; };
		3E93826123540EE50029A64A /* MenuViewController.m */ = {isa = PBXFileReference; lastKnownFileType = sourcecode.c.objc; path = MenuViewController.m; sourceTree = "<group>"; };
		3E93826323541CF70029A64A /* UserManager.h */ = {isa = PBXFileReference; lastKnownFileType = sourcecode.c.h; path = UserManager.h; sourceTree = "<group>"; };
		3E93826423541CF70029A64A /* UserManager.m */ = {isa = PBXFileReference; lastKnownFileType = sourcecode.c.objc; path = UserManager.m; sourceTree = "<group>"; };
		3E938266235426160029A64A /* WYTableViewCell.h */ = {isa = PBXFileReference; lastKnownFileType = sourcecode.c.h; path = WYTableViewCell.h; sourceTree = "<group>"; };
		3E938267235426160029A64A /* WYTableViewCell.m */ = {isa = PBXFileReference; lastKnownFileType = sourcecode.c.objc; path = WYTableViewCell.m; sourceTree = "<group>"; };
		3E938268235426160029A64A /* WYTableViewCell.xib */ = {isa = PBXFileReference; lastKnownFileType = file.xib; path = WYTableViewCell.xib; sourceTree = "<group>"; };
		3E93826F23546BB10029A64A /* RankViewController.h */ = {isa = PBXFileReference; lastKnownFileType = sourcecode.c.h; path = RankViewController.h; sourceTree = "<group>"; };
		3E93827023546BB10029A64A /* RankViewController.m */ = {isa = PBXFileReference; lastKnownFileType = sourcecode.c.objc; path = RankViewController.m; sourceTree = "<group>"; };
		3E93827223548AD60029A64A /* WYtitleView.h */ = {isa = PBXFileReference; lastKnownFileType = sourcecode.c.h; path = WYtitleView.h; sourceTree = "<group>"; };
		3E93827323548AD60029A64A /* WYtitleView.m */ = {isa = PBXFileReference; lastKnownFileType = sourcecode.c.objc; path = WYtitleView.m; sourceTree = "<group>"; };
		3E93827523548AFE0029A64A /* WYtitleView.xib */ = {isa = PBXFileReference; lastKnownFileType = file.xib; path = WYtitleView.xib; sourceTree = "<group>"; };
		3E9382772354AE770029A64A /* ziti.ttf */ = {isa = PBXFileReference; lastKnownFileType = file; path = ziti.ttf; sourceTree = "<group>"; };
		A09FC2A2DDAAD83CE42D6518 /* libPods-shisanshui.a */ = {isa = PBXFileReference; explicitFileType = archive.ar; includeInIndex = 0; path = "libPods-shisanshui.a"; sourceTree = BUILT_PRODUCTS_DIR; };
		AE360D9BBF13CD9E4C24C2CC /* Pods-shisanshui.release.xcconfig */ = {isa = PBXFileReference; includeInIndex = 1; lastKnownFileType = text.xcconfig; name = "Pods-shisanshui.release.xcconfig"; path = "Pods/Target Support Files/Pods-shisanshui/Pods-shisanshui.release.xcconfig"; sourceTree = "<group>"; };
		E31D17DF23553920007B0F5D /* WYhistoryTableViewCell.h */ = {isa = PBXFileReference; lastKnownFileType = sourcecode.c.h; path = WYhistoryTableViewCell.h; sourceTree = "<group>"; };
		E31D17E023553920007B0F5D /* WYhistoryTableViewCell.m */ = {isa = PBXFileReference; lastKnownFileType = sourcecode.c.objc; path = WYhistoryTableViewCell.m; sourceTree = "<group>"; };
		E31D17E123553920007B0F5D /* WYhistoryTableViewCell.xib */ = {isa = PBXFileReference; lastKnownFileType = file.xib; path = WYhistoryTableViewCell.xib; sourceTree = "<group>"; };
		E31D17E423553B55007B0F5D /* WYHistoryViewController.h */ = {isa = PBXFileReference; lastKnownFileType = sourcecode.c.h; path = WYHistoryViewController.h; sourceTree = "<group>"; };
		E31D17E523553B55007B0F5D /* WYHistoryViewController.m */ = {isa = PBXFileReference; lastKnownFileType = sourcecode.c.objc; path = WYHistoryViewController.m; sourceTree = "<group>"; };
		E362F2E4235F6B0900A31915 /* WYDetailHistoryViewController.h */ = {isa = PBXFileReference; lastKnownFileType = sourcecode.c.h; path = WYDetailHistoryViewController.h; sourceTree = "<group>"; };
		E362F2E5235F6B0900A31915 /* WYDetailHistoryViewController.m */ = {isa = PBXFileReference; lastKnownFileType = sourcecode.c.objc; path = WYDetailHistoryViewController.m; sourceTree = "<group>"; };
		E362F2E6235F6B0900A31915 /* WYDetailHistoryViewController.xib */ = {isa = PBXFileReference; lastKnownFileType = file.xib; path = WYDetailHistoryViewController.xib; sourceTree = "<group>"; };
		E374F8512355777C00B584E3 /* gameViewController.h */ = {isa = PBXFileReference; lastKnownFileType = sourcecode.c.h; path = gameViewController.h; sourceTree = "<group>"; };
		E374F8522355777C00B584E3 /* gameViewController.m */ = {isa = PBXFileReference; lastKnownFileType = sourcecode.c.objc; path = gameViewController.m; sourceTree = "<group>"; };
		E374F85523557F1D00B584E3 /* ZWHUDTool.h */ = {isa = PBXFileReference; fileEncoding = 4; lastKnownFileType = sourcecode.c.h; path = ZWHUDTool.h; sourceTree = "<group>"; };
		E374F85623557F1D00B584E3 /* ZWHUDTool.m */ = {isa = PBXFileReference; fileEncoding = 4; lastKnownFileType = sourcecode.c.objc; path = ZWHUDTool.m; sourceTree = "<group>"; };
		E3944A892352D61800955C9E /* LoginAndRegisterViewController.h */ = {isa = PBXFileReference; lastKnownFileType = sourcecode.c.h; path = LoginAndRegisterViewController.h; sourceTree = "<group>"; };
		E3944A8A2352D61800955C9E /* LoginAndRegisterViewController.m */ = {isa = PBXFileReference; lastKnownFileType = sourcecode.c.objc; path = LoginAndRegisterViewController.m; sourceTree = "<group>"; };
		E3944A8D2352F84500955C9E /* ZWAPIRequestTool.h */ = {isa = PBXFileReference; fileEncoding = 4; lastKnownFileType = sourcecode.c.h; path = ZWAPIRequestTool.h; sourceTree = "<group>"; };
		E3944A8E2352F84500955C9E /* ZWAPIRequestTool.m */ = {isa = PBXFileReference; fileEncoding = 4; lastKnownFileType = sourcecode.c.objc; path = ZWAPIRequestTool.m; sourceTree = "<group>"; };
		E3944A8F2352F84500955C9E /* ZWNetworkingManager.h */ = {isa = PBXFileReference; fileEncoding = 4; lastKnownFileType = sourcecode.c.h; path = ZWNetworkingManager.h; sourceTree = "<group>"; };
		E3944A902352F84500955C9E /* ZWNetworkingManager.m */ = {isa = PBXFileReference; fileEncoding = 4; lastKnownFileType = sourcecode.c.objc; path = ZWNetworkingManager.m; sourceTree = "<group>"; };
		E3ACF17D235177BA00F9DFF5 /* shisanshui.app */ = {isa = PBXFileReference; explicitFileType = wrapper.application; includeInIndex = 0; path = shisanshui.app; sourceTree = BUILT_PRODUCTS_DIR; };
		E3ACF180235177BA00F9DFF5 /* AppDelegate.h */ = {isa = PBXFileReference; lastKnownFileType = sourcecode.c.h; path = AppDelegate.h; sourceTree = "<group>"; };
		E3ACF181235177BA00F9DFF5 /* AppDelegate.m */ = {isa = PBXFileReference; lastKnownFileType = sourcecode.c.objc; path = AppDelegate.m; sourceTree = "<group>"; };
		E3ACF183235177BA00F9DFF5 /* ViewController.h */ = {isa = PBXFileReference; lastKnownFileType = sourcecode.c.h; path = ViewController.h; sourceTree = "<group>"; };
		E3ACF184235177BA00F9DFF5 /* ViewController.m */ = {isa = PBXFileReference; lastKnownFileType = sourcecode.c.objc; path = ViewController.m; sourceTree = "<group>"; };
		E3ACF187235177BA00F9DFF5 /* Base */ = {isa = PBXFileReference; lastKnownFileType = file.storyboard; name = Base; path = Base.lproj/Main.storyboard; sourceTree = "<group>"; };
		E3ACF189235177BC00F9DFF5 /* Assets.xcassets */ = {isa = PBXFileReference; lastKnownFileType = folder.assetcatalog; path = Assets.xcassets; sourceTree = "<group>"; };
		E3ACF18C235177BC00F9DFF5 /* Base */ = {isa = PBXFileReference; lastKnownFileType = file.storyboard; name = Base; path = Base.lproj/LaunchScreen.storyboard; sourceTree = "<group>"; };
		E3ACF18E235177BC00F9DFF5 /* Info.plist */ = {isa = PBXFileReference; lastKnownFileType = text.plist.xml; path = Info.plist; sourceTree = "<group>"; };
		E3ACF18F235177BC00F9DFF5 /* main.m */ = {isa = PBXFileReference; lastKnownFileType = sourcecode.c.objc; path = main.m; sourceTree = "<group>"; };
/* End PBXFileReference section */

/* Begin PBXFrameworksBuildPhase section */
		E3ACF17A235177BA00F9DFF5 /* Frameworks */ = {
			isa = PBXFrameworksBuildPhase;
			buildActionMask = 2147483647;
			files = (
				8F354C12D3C9DBC792166217 /* libPods-shisanshui.a in Frameworks */,
			);
			runOnlyForDeploymentPostprocessing = 0;
		};
/* End PBXFrameworksBuildPhase section */

/* Begin PBXGroup section */
		13F155E9D7EB61415B18E87D /* Frameworks */ = {
			isa = PBXGroup;
			children = (
				A09FC2A2DDAAD83CE42D6518 /* libPods-shisanshui.a */,
			);
			name = Frameworks;
			sourceTree = "<group>";
		};
		3E93826B2354287D0029A64A /* 排行榜 */ = {
			isa = PBXGroup;
			children = (
				3E93826F23546BB10029A64A /* RankViewController.h */,
				3E93827023546BB10029A64A /* RankViewController.m */,
				3E93827223548AD60029A64A /* WYtitleView.h */,
				3E93827323548AD60029A64A /* WYtitleView.m */,
				3E93827523548AFE0029A64A /* WYtitleView.xib */,
				3E938266235426160029A64A /* WYTableViewCell.h */,
				3E938267235426160029A64A /* WYTableViewCell.m */,
				3E938268235426160029A64A /* WYTableViewCell.xib */,
			);
			path = "排行榜";
			sourceTree = "<group>";
		};
		515B28F861FA1255786ABFDD /* Pods */ = {
			isa = PBXGroup;
			children = (
				11F8D86CA9BE9E867F89A142 /* Pods-shisanshui.debug.xcconfig */,
				AE360D9BBF13CD9E4C24C2CC /* Pods-shisanshui.release.xcconfig */,
			);
			name = Pods;
			sourceTree = "<group>";
		};
		E31D17DE23553732007B0F5D /* 历史战绩 */ = {
			isa = PBXGroup;
			children = (
				E31D17DF23553920007B0F5D /* WYhistoryTableViewCell.h */,
				E31D17E023553920007B0F5D /* WYhistoryTableViewCell.m */,
				E31D17E123553920007B0F5D /* WYhistoryTableViewCell.xib */,
				E31D17E423553B55007B0F5D /* WYHistoryViewController.h */,
				E31D17E523553B55007B0F5D /* WYHistoryViewController.m */,
				E362F2E4235F6B0900A31915 /* WYDetailHistoryViewController.h */,
				E362F2E5235F6B0900A31915 /* WYDetailHistoryViewController.m */,
				E362F2E6235F6B0900A31915 /* WYDetailHistoryViewController.xib */,
			);
			path = "历史战绩";
			sourceTree = "<group>";
		};
		E374F8502355774B00B584E3 /* 开始游戏 */ = {
			isa = PBXGroup;
			children = (
				E374F8512355777C00B584E3 /* gameViewController.h */,
				E374F8522355777C00B584E3 /* gameViewController.m */,
			);
			path = "开始游戏";
			sourceTree = "<group>";
		};
		E374F85423557F1D00B584E3 /* ZWHUDTool */ = {
			isa = PBXGroup;
			children = (
				E374F85523557F1D00B584E3 /* ZWHUDTool.h */,
				E374F85623557F1D00B584E3 /* ZWHUDTool.m */,
			);
			path = ZWHUDTool;
			sourceTree = "<group>";
		};
		E3888CB92351D015004DA23A /* LoginAndRegister */ = {
			isa = PBXGroup;
			children = (
				E3944A892352D61800955C9E /* LoginAndRegisterViewController.h */,
				E3944A8A2352D61800955C9E /* LoginAndRegisterViewController.m */,
			);
			path = LoginAndRegister;
			sourceTree = "<group>";
		};
		E3944A8C2352F84500955C9E /* NetWorkingTool */ = {
			isa = PBXGroup;
			children = (
				E3944A8D2352F84500955C9E /* ZWAPIRequestTool.h */,
				E3944A8E2352F84500955C9E /* ZWAPIRequestTool.m */,
				E3944A8F2352F84500955C9E /* ZWNetworkingManager.h */,
				E3944A902352F84500955C9E /* ZWNetworkingManager.m */,
			);
			path = NetWorkingTool;
			sourceTree = "<group>";
		};
		E3ACF174235177BA00F9DFF5 = {
			isa = PBXGroup;
			children = (
				E3ACF17F235177BA00F9DFF5 /* shisanshui */,
				E3ACF17E235177BA00F9DFF5 /* Products */,
				515B28F861FA1255786ABFDD /* Pods */,
				13F155E9D7EB61415B18E87D /* Frameworks */,
			);
			sourceTree = "<group>";
		};
		E3ACF17E235177BA00F9DFF5 /* Products */ = {
			isa = PBXGroup;
			children = (
				E3ACF17D235177BA00F9DFF5 /* shisanshui.app */,
			);
			name = Products;
			sourceTree = "<group>";
		};
		E3ACF17F235177BA00F9DFF5 /* shisanshui */ = {
			isa = PBXGroup;
			children = (
				E374F85423557F1D00B584E3 /* ZWHUDTool */,
				E3944A8C2352F84500955C9E /* NetWorkingTool */,
				E3888CB92351D015004DA23A /* LoginAndRegister */,
				3E93826B2354287D0029A64A /* 排行榜 */,
				E31D17DE23553732007B0F5D /* 历史战绩 */,
				E374F8502355774B00B584E3 /* 开始游戏 */,
				3E93826323541CF70029A64A /* UserManager.h */,
				3E93826423541CF70029A64A /* UserManager.m */,
				3E93826023540EE50029A64A /* MenuViewController.h */,
				3E93826123540EE50029A64A /* MenuViewController.m */,
				E3ACF180235177BA00F9DFF5 /* AppDelegate.h */,
				E3ACF181235177BA00F9DFF5 /* AppDelegate.m */,
				E3ACF183235177BA00F9DFF5 /* ViewController.h */,
				E3ACF184235177BA00F9DFF5 /* ViewController.m */,
				3E9382772354AE770029A64A /* ziti.ttf */,
				E3ACF186235177BA00F9DFF5 /* Main.storyboard */,
				E3ACF189235177BC00F9DFF5 /* Assets.xcassets */,
				E3ACF18B235177BC00F9DFF5 /* LaunchScreen.storyboard */,
				E3ACF18E235177BC00F9DFF5 /* Info.plist */,
				E3ACF18F235177BC00F9DFF5 /* main.m */,
			);
			path = shisanshui;
			sourceTree = "<group>";
		};
/* End PBXGroup section */

/* Begin PBXNativeTarget section */
		E3ACF17C235177BA00F9DFF5 /* shisanshui */ = {
			isa = PBXNativeTarget;
			buildConfigurationList = E3ACF193235177BC00F9DFF5 /* Build configuration list for PBXNativeTarget "shisanshui" */;
			buildPhases = (
				9C6172DAA7DF0E83B3F3A77B /* [CP] Check Pods Manifest.lock */,
				E3ACF179235177BA00F9DFF5 /* Sources */,
				E3ACF17A235177BA00F9DFF5 /* Frameworks */,
				E3ACF17B235177BA00F9DFF5 /* Resources */,
				B37465302BCCF1D7BB5CD404 /* [CP] Copy Pods Resources */,
			);
			buildRules = (
			);
			dependencies = (
			);
			name = shisanshui;
			productName = shisanshui;
			productReference = E3ACF17D235177BA00F9DFF5 /* shisanshui.app */;
			productType = "com.apple.product-type.application";
		};
/* End PBXNativeTarget section */

/* Begin PBXProject section */
		E3ACF175235177BA00F9DFF5 /* Project object */ = {
			isa = PBXProject;
			attributes = {
				LastUpgradeCheck = 1010;
				ORGANIZATIONNAME = "王焱";
				TargetAttributes = {
					E3ACF17C235177BA00F9DFF5 = {
						CreatedOnToolsVersion = 10.1;
					};
				};
			};
			buildConfigurationList = E3ACF178235177BA00F9DFF5 /* Build configuration list for PBXProject "shisanshui" */;
			compatibilityVersion = "Xcode 9.3";
			developmentRegion = en;
			hasScannedForEncodings = 0;
			knownRegions = (
				en,
				Base,
			);
			mainGroup = E3ACF174235177BA00F9DFF5;
			productRefGroup = E3ACF17E235177BA00F9DFF5 /* Products */;
			projectDirPath = "";
			projectRoot = "";
			targets = (
				E3ACF17C235177BA00F9DFF5 /* shisanshui */,
			);
		};
/* End PBXProject section */

/* Begin PBXResourcesBuildPhase section */
		E3ACF17B235177BA00F9DFF5 /* Resources */ = {
			isa = PBXResourcesBuildPhase;
			buildActionMask = 2147483647;
			files = (
				E3ACF18D235177BC00F9DFF5 /* LaunchScreen.storyboard in Resources */,
				3E93827623548AFE0029A64A /* WYtitleView.xib in Resources */,
				E362F2E8235F6B0900A31915 /* WYDetailHistoryViewController.xib in Resources */,
				3E9382782354AE770029A64A /* ziti.ttf in Resources */,
				E3ACF18A235177BC00F9DFF5 /* Assets.xcassets in Resources */,
				E3ACF188235177BA00F9DFF5 /* Main.storyboard in Resources */,
				3E93826A235426160029A64A /* WYTableViewCell.xib in Resources */,
				E31D17E323553920007B0F5D /* WYhistoryTableViewCell.xib in Resources */,
			);
			runOnlyForDeploymentPostprocessing = 0;
		};
/* End PBXResourcesBuildPhase section */

/* Begin PBXShellScriptBuildPhase section */
		9C6172DAA7DF0E83B3F3A77B /* [CP] Check Pods Manifest.lock */ = {
			isa = PBXShellScriptBuildPhase;
			buildActionMask = 2147483647;
			files = (
			);
			inputPaths = (
				"${PODS_PODFILE_DIR_PATH}/Podfile.lock",
				"${PODS_ROOT}/Manifest.lock",
			);
			name = "[CP] Check Pods Manifest.lock";
			outputPaths = (
				"$(DERIVED_FILE_DIR)/Pods-shisanshui-checkManifestLockResult.txt",
			);
			runOnlyForDeploymentPostprocessing = 0;
			shellPath = /bin/sh;
			shellScript = "diff \"${PODS_PODFILE_DIR_PATH}/Podfile.lock\" \"${PODS_ROOT}/Manifest.lock\" > /dev/null\nif [ $? != 0 ] ; then\n    # print error to STDERR\n    echo \"error: The sandbox is not in sync with the Podfile.lock. Run 'pod install' or update your CocoaPods installation.\" >&2\n    exit 1\nfi\n# This output is used by Xcode 'outputs' to avoid re-running this script phase.\necho \"SUCCESS\" > \"${SCRIPT_OUTPUT_FILE_0}\"\n";
			showEnvVarsInLog = 0;
		};
		B37465302BCCF1D7BB5CD404 /* [CP] Copy Pods Resources */ = {
			isa = PBXShellScriptBuildPhase;
			buildActionMask = 2147483647;
			files = (
			);
			inputPaths = (
				"${SRCROOT}/Pods/Target Support Files/Pods-shisanshui/Pods-shisanshui-resources.sh",
				"${PODS_ROOT}/IQKeyboardManager/IQKeyboardManager/Resources/IQKeyboardManager.bundle",
			);
			name = "[CP] Copy Pods Resources";
			outputPaths = (
				"${TARGET_BUILD_DIR}/${UNLOCALIZED_RESOURCES_FOLDER_PATH}/IQKeyboardManager.bundle",
			);
			runOnlyForDeploymentPostprocessing = 0;
			shellPath = /bin/sh;
			shellScript = "\"${SRCROOT}/Pods/Target Support Files/Pods-shisanshui/Pods-shisanshui-resources.sh\"\n";
			showEnvVarsInLog = 0;
		};
/* End PBXShellScriptBuildPhase section */

/* Begin PBXSourcesBuildPhase section */
		E3ACF179235177BA00F9DFF5 /* Sources */ = {
			isa = PBXSourcesBuildPhase;
			buildActionMask = 2147483647;
			files = (
				E374F85723557F1D00B584E3 /* ZWHUDTool.m in Sources */,
				E31D17E223553920007B0F5D /* WYhistoryTableViewCell.m in Sources */,
				E3944A922352F84500955C9E /* ZWNetworkingManager.m in Sources */,
				E3944A912352F84500955C9E /* ZWAPIRequestTool.m in Sources */,
				3E93826523541CF70029A64A /* UserManager.m in Sources */,
				E3ACF185235177BA00F9DFF5 /* ViewController.m in Sources */,
				E31D17E623553B55007B0F5D /* WYHistoryViewController.m in Sources */,
				3E93827123546BB10029A64A /* RankViewController.m in Sources */,
				E3ACF190235177BC00F9DFF5 /* main.m in Sources */,
				3E938269235426160029A64A /* WYTableViewCell.m in Sources */,
				3E93826223540EE50029A64A /* MenuViewController.m in Sources */,
				3E93827423548AD60029A64A /* WYtitleView.m in Sources */,
				E3944A8B2352D61800955C9E /* LoginAndRegisterViewController.m in Sources */,
				E374F8532355777C00B584E3 /* gameViewController.m in Sources */,
				E362F2E7235F6B0900A31915 /* WYDetailHistoryViewController.m in Sources */,
				E3ACF182235177BA00F9DFF5 /* AppDelegate.m in Sources */,
			);
			runOnlyForDeploymentPostprocessing = 0;
		};
/* End PBXSourcesBuildPhase section */

/* Begin PBXVariantGroup section */
		E3ACF186235177BA00F9DFF5 /* Main.storyboard */ = {
			isa = PBXVariantGroup;
			children = (
				E3ACF187235177BA00F9DFF5 /* Base */,
			);
			name = Main.storyboard;
			sourceTree = "<group>";
		};
		E3ACF18B235177BC00F9DFF5 /* LaunchScreen.storyboard */ = {
			isa = PBXVariantGroup;
			children = (
				E3ACF18C235177BC00F9DFF5 /* Base */,
			);
			name = LaunchScreen.storyboard;
			sourceTree = "<group>";
		};
/* End PBXVariantGroup section */

/* Begin XCBuildConfiguration section */
		E3ACF191235177BC00F9DFF5 /* Debug */ = {
			isa = XCBuildConfiguration;
			buildSettings = {
				ALWAYS_SEARCH_USER_PATHS = NO;
				CLANG_ANALYZER_NONNULL = YES;
				CLANG_ANALYZER_NUMBER_OBJECT_CONVERSION = YES_AGGRESSIVE;
				CLANG_CXX_LANGUAGE_STANDARD = "gnu++14";
				CLANG_CXX_LIBRARY = "libc++";
				CLANG_ENABLE_MODULES = YES;
				CLANG_ENABLE_OBJC_ARC = YES;
				CLANG_ENABLE_OBJC_WEAK = YES;
				CLANG_WARN_BLOCK_CAPTURE_AUTORELEASING = YES;
				CLANG_WARN_BOOL_CONVERSION = YES;
				CLANG_WARN_COMMA = YES;
				CLANG_WARN_CONSTANT_CONVERSION = YES;
				CLANG_WARN_DEPRECATED_OBJC_IMPLEMENTATIONS = YES;
				CLANG_WARN_DIRECT_OBJC_ISA_USAGE = YES_ERROR;
				CLANG_WARN_DOCUMENTATION_COMMENTS = YES;
				CLANG_WARN_EMPTY_BODY = YES;
				CLANG_WARN_ENUM_CONVERSION = YES;
				CLANG_WARN_INFINITE_RECURSION = YES;
				CLANG_WARN_INT_CONVERSION = YES;
				CLANG_WARN_NON_LITERAL_NULL_CONVERSION = YES;
				CLANG_WARN_OBJC_IMPLICIT_RETAIN_SELF = YES;
				CLANG_WARN_OBJC_LITERAL_CONVERSION = YES;
				CLANG_WARN_OBJC_ROOT_CLASS = YES_ERROR;
				CLANG_WARN_RANGE_LOOP_ANALYSIS = YES;
				CLANG_WARN_STRICT_PROTOTYPES = YES;
				CLANG_WARN_SUSPICIOUS_MOVE = YES;
				CLANG_WARN_UNGUARDED_AVAILABILITY = YES_AGGRESSIVE;
				CLANG_WARN_UNREACHABLE_CODE = YES;
				CLANG_WARN__DUPLICATE_METHOD_MATCH = YES;
				CODE_SIGN_IDENTITY = "iPhone Developer";
				COPY_PHASE_STRIP = NO;
				DEBUG_INFORMATION_FORMAT = dwarf;
				ENABLE_STRICT_OBJC_MSGSEND = YES;
				ENABLE_TESTABILITY = YES;
				GCC_C_LANGUAGE_STANDARD = gnu11;
				GCC_DYNAMIC_NO_PIC = NO;
				GCC_NO_COMMON_BLOCKS = YES;
				GCC_OPTIMIZATION_LEVEL = 0;
				GCC_PREPROCESSOR_DEFINITIONS = (
					"DEBUG=1",
					"$(inherited)",
				);
				GCC_WARN_64_TO_32_BIT_CONVERSION = YES;
				GCC_WARN_ABOUT_RETURN_TYPE = YES_ERROR;
				GCC_WARN_UNDECLARED_SELECTOR = YES;
				GCC_WARN_UNINITIALIZED_AUTOS = YES_AGGRESSIVE;
				GCC_WARN_UNUSED_FUNCTION = YES;
				GCC_WARN_UNUSED_VARIABLE = YES;
				IPHONEOS_DEPLOYMENT_TARGET = 12.1;
				MTL_ENABLE_DEBUG_INFO = INCLUDE_SOURCE;
				MTL_FAST_MATH = YES;
				ONLY_ACTIVE_ARCH = YES;
				SDKROOT = iphoneos;
			};
			name = Debug;
		};
		E3ACF192235177BC00F9DFF5 /* Release */ = {
			isa = XCBuildConfiguration;
			buildSettings = {
				ALWAYS_SEARCH_USER_PATHS = NO;
				CLANG_ANALYZER_NONNULL = YES;
				CLANG_ANALYZER_NUMBER_OBJECT_CONVERSION = YES_AGGRESSIVE;
				CLANG_CXX_LANGUAGE_STANDARD = "gnu++14";
				CLANG_CXX_LIBRARY = "libc++";
				CLANG_ENABLE_MODULES = YES;
				CLANG_ENABLE_OBJC_ARC = YES;
				CLANG_ENABLE_OBJC_WEAK = YES;
				CLANG_WARN_BLOCK_CAPTURE_AUTORELEASING = YES;
				CLANG_WARN_BOOL_CONVERSION = YES;
				CLANG_WARN_COMMA = YES;
				CLANG_WARN_CONSTANT_CONVERSION = YES;
				CLANG_WARN_DEPRECATED_OBJC_IMPLEMENTATIONS = YES;
				CLANG_WARN_DIRECT_OBJC_ISA_USAGE = YES_ERROR;
				CLANG_WARN_DOCUMENTATION_COMMENTS = YES;
				CLANG_WARN_EMPTY_BODY = YES;
				CLANG_WARN_ENUM_CONVERSION = YES;
				CLANG_WARN_INFINITE_RECURSION = YES;
				CLANG_WARN_INT_CONVERSION = YES;
				CLANG_WARN_NON_LITERAL_NULL_CONVERSION = YES;
				CLANG_WARN_OBJC_IMPLICIT_RETAIN_SELF = YES;
				CLANG_WARN_OBJC_LITERAL_CONVERSION = YES;
				CLANG_WARN_OBJC_ROOT_CLASS = YES_ERROR;
				CLANG_WARN_RANGE_LOOP_ANALYSIS = YES;
				CLANG_WARN_STRICT_PROTOTYPES = YES;
				CLANG_WARN_SUSPICIOUS_MOVE = YES;
				CLANG_WARN_UNGUARDED_AVAILABILITY = YES_AGGRESSIVE;
				CLANG_WARN_UNREACHABLE_CODE = YES;
				CLANG_WARN__DUPLICATE_METHOD_MATCH = YES;
				CODE_SIGN_IDENTITY = "iPhone Developer";
				COPY_PHASE_STRIP = NO;
				DEBUG_INFORMATION_FORMAT = "dwarf-with-dsym";
				ENABLE_NS_ASSERTIONS = NO;
				ENABLE_STRICT_OBJC_MSGSEND = YES;
				GCC_C_LANGUAGE_STANDARD = gnu11;
				GCC_NO_COMMON_BLOCKS = YES;
				GCC_WARN_64_TO_32_BIT_CONVERSION = YES;
				GCC_WARN_ABOUT_RETURN_TYPE = YES_ERROR;
				GCC_WARN_UNDECLARED_SELECTOR = YES;
				GCC_WARN_UNINITIALIZED_AUTOS = YES_AGGRESSIVE;
				GCC_WARN_UNUSED_FUNCTION = YES;
				GCC_WARN_UNUSED_VARIABLE = YES;
				IPHONEOS_DEPLOYMENT_TARGET = 12.1;
				MTL_ENABLE_DEBUG_INFO = NO;
				MTL_FAST_MATH = YES;
				SDKROOT = iphoneos;
				VALIDATE_PRODUCT = YES;
			};
			name = Release;
		};
		E3ACF194235177BC00F9DFF5 /* Debug */ = {
			isa = XCBuildConfiguration;
			baseConfigurationReference = 11F8D86CA9BE9E867F89A142 /* Pods-shisanshui.debug.xcconfig */;
			buildSettings = {
				ASSETCATALOG_COMPILER_APPICON_NAME = AppIcon;
				CODE_SIGN_STYLE = Automatic;
				DEVELOPMENT_TEAM = 89K6MJ2HAL;
				INFOPLIST_FILE = shisanshui/Info.plist;
				IPHONEOS_DEPLOYMENT_TARGET = 12.0;
				LD_RUNPATH_SEARCH_PATHS = (
					"$(inherited)",
					"@executable_path/Frameworks",
				);
				PRODUCT_BUNDLE_IDENTIFIER = wangyan.shisanshui;
				PRODUCT_NAME = "$(TARGET_NAME)";
				TARGETED_DEVICE_FAMILY = "1,2";
			};
			name = Debug;
		};
		E3ACF195235177BC00F9DFF5 /* Release */ = {
			isa = XCBuildConfiguration;
			baseConfigurationReference = AE360D9BBF13CD9E4C24C2CC /* Pods-shisanshui.release.xcconfig */;
			buildSettings = {
				ASSETCATALOG_COMPILER_APPICON_NAME = AppIcon;
				CODE_SIGN_STYLE = Automatic;
				DEVELOPMENT_TEAM = 89K6MJ2HAL;
				INFOPLIST_FILE = shisanshui/Info.plist;
				IPHONEOS_DEPLOYMENT_TARGET = 12.0;
				LD_RUNPATH_SEARCH_PATHS = (
					"$(inherited)",
					"@executable_path/Frameworks",
				);
				PRODUCT_BUNDLE_IDENTIFIER = wangyan.shisanshui;
				PRODUCT_NAME = "$(TARGET_NAME)";
				TARGETED_DEVICE_FAMILY = "1,2";
			};
			name = Release;
		};
/* End XCBuildConfiguration section */

/* Begin XCConfigurationList section */
		E3ACF178235177BA00F9DFF5 /* Build configuration list for PBXProject "shisanshui" */ = {
			isa = XCConfigurationList;
			buildConfigurations = (
				E3ACF191235177BC00F9DFF5 /* Debug */,
				E3ACF192235177BC00F9DFF5 /* Release */,
			);
			defaultConfigurationIsVisible = 0;
			defaultConfigurationName = Release;
		};
		E3ACF193235177BC00F9DFF5 /* Build configuration list for PBXNativeTarget "shisanshui" */ = {
			isa = XCConfigurationList;
			buildConfigurations = (
				E3ACF194235177BC00F9DFF5 /* Debug */,
				E3ACF195235177BC00F9DFF5 /* Release */,
			);
			defaultConfigurationIsVisible = 0;
			defaultConfigurationName = Release;
		};
/* End XCConfigurationList section */
	};
	rootObject = E3ACF175235177BA00F9DFF5 /* Project object */;
}
